
Microsoft Visual Studio Solution File, Format Version 12.00
# Visual Studio Version 17
VisualStudioVersion = 17.2.32602.215
MinimumVisualStudioVersion = 10.0.40219.1
Project("{FAE04EC0-301F-11D3-BF4B-00C04F79EFBC}") = "HW06.ArrayModifier", "HW06.ArrayModifier\HW06.ArrayModifier.csproj", "{0F997EAE-D32C-4A4D-A261-3E36B3C4D14B}"
EndProject
Global
	GlobalSection(SolutionConfigurationPlatforms) = preSolution
		Debug|Any CPU = Debug|Any CPU
		Release|Any CPU = Release|Any CPU
	EndGlobalSection
	GlobalSection(ProjectConfigurationPlatforms) = postSolution
		{0F997EAE-D32C-4A4D-A261-3E36B3C4D14B}.Debug|Any CPU.ActiveCfg = Debug|Any CPU
		{0F997EAE-D32C-4A4D-A261-3E36B3C4D14B}.Debug|Any CPU.Build.0 = Debug|Any CPU
		{0F997EAE-D32C-4A4D-A261-3E36B3C4D14B}.Release|Any CPU.ActiveCfg = Release|Any CPU
		{0F997EAE-D32C-4A4D-A261-3E36B3C4D14B}.Release|Any CPU.Build.0 = Release|Any CPU
	EndGlobalSection
	GlobalSection(SolutionProperties) = preSolution
		HideSolutionNode = FALSE
	EndGlobalSection
	GlobalSection(ExtensibilityGlobals) = postSolution
		SolutionGuid = {107F98D3-F7EA-47AC-A12E-D1E1DC3447D9}
	EndGlobalSection
EndGlobal
