
Microsoft Visual Studio Solution File, Format Version 12.00
# Visual Studio Version 17
VisualStudioVersion = 17.2.32602.215
MinimumVisualStudioVersion = 10.0.40219.1
Project("{FAE04EC0-301F-11D3-BF4B-00C04F79EFBC}") = "HW07.Diagonal", "HW07.Diagonal\HW07.Diagonal.csproj", "{8B1EC5BB-3829-4B4D-8254-5FB575F84CEC}"
EndProject
Global
	GlobalSection(SolutionConfigurationPlatforms) = preSolution
		Debug|Any CPU = Debug|Any CPU
		Release|Any CPU = Release|Any CPU
	EndGlobalSection
	GlobalSection(ProjectConfigurationPlatforms) = postSolution
		{8B1EC5BB-3829-4B4D-8254-5FB575F84CEC}.Debug|Any CPU.ActiveCfg = Debug|Any CPU
		{8B1EC5BB-3829-4B4D-8254-5FB575F84CEC}.Debug|Any CPU.Build.0 = Debug|Any CPU
		{8B1EC5BB-3829-4B4D-8254-5FB575F84CEC}.Release|Any CPU.ActiveCfg = Release|Any CPU
		{8B1EC5BB-3829-4B4D-8254-5FB575F84CEC}.Release|Any CPU.Build.0 = Release|Any CPU
	EndGlobalSection
	GlobalSection(SolutionProperties) = preSolution
		HideSolutionNode = FALSE
	EndGlobalSection
	GlobalSection(ExtensibilityGlobals) = postSolution
		SolutionGuid = {C30009EF-231A-454C-BE76-19E83F4946FD}
	EndGlobalSection
EndGlobal
