
Microsoft Visual Studio Solution File, Format Version 12.00
# Visual Studio Version 17
VisualStudioVersion = 17.2.32602.215
MinimumVisualStudioVersion = 10.0.40219.1
Project("{FAE04EC0-301F-11D3-BF4B-00C04F79EFBC}") = "HW07.StringWorkerTwo", "HW07.StringWorkerTwo\HW07.StringWorkerTwo.csproj", "{995719A0-92A9-4417-8226-C84ECED95537}"
EndProject
Global
	GlobalSection(SolutionConfigurationPlatforms) = preSolution
		Debug|Any CPU = Debug|Any CPU
		Release|Any CPU = Release|Any CPU
	EndGlobalSection
	GlobalSection(ProjectConfigurationPlatforms) = postSolution
		{995719A0-92A9-4417-8226-C84ECED95537}.Debug|Any CPU.ActiveCfg = Debug|Any CPU
		{995719A0-92A9-4417-8226-C84ECED95537}.Debug|Any CPU.Build.0 = Debug|Any CPU
		{995719A0-92A9-4417-8226-C84ECED95537}.Release|Any CPU.ActiveCfg = Release|Any CPU
		{995719A0-92A9-4417-8226-C84ECED95537}.Release|Any CPU.Build.0 = Release|Any CPU
	EndGlobalSection
	GlobalSection(SolutionProperties) = preSolution
		HideSolutionNode = FALSE
	EndGlobalSection
	GlobalSection(ExtensibilityGlobals) = postSolution
		SolutionGuid = {88798000-B98C-477D-ADCA-4FAA5A2F2419}
	EndGlobalSection
EndGlobal
