
Microsoft Visual Studio Solution File, Format Version 12.00
# Visual Studio Version 17
VisualStudioVersion = 17.2.32505.173
MinimumVisualStudioVersion = 10.0.40219.1
Project("{FAE04EC0-301F-11D3-BF4B-00C04F79EFBC}") = "HW06.ThirdArrayCreator", "HW06.ThirdArrayCreator.csproj", "{EB26C29F-7A86-4B20-93A0-37B64466D0C3}"
EndProject
Global
	GlobalSection(SolutionConfigurationPlatforms) = preSolution
		Debug|Any CPU = Debug|Any CPU
		Release|Any CPU = Release|Any CPU
	EndGlobalSection
	GlobalSection(ProjectConfigurationPlatforms) = postSolution
		{EB26C29F-7A86-4B20-93A0-37B64466D0C3}.Debug|Any CPU.ActiveCfg = Debug|Any CPU
		{EB26C29F-7A86-4B20-93A0-37B64466D0C3}.Debug|Any CPU.Build.0 = Debug|Any CPU
		{EB26C29F-7A86-4B20-93A0-37B64466D0C3}.Release|Any CPU.ActiveCfg = Release|Any CPU
		{EB26C29F-7A86-4B20-93A0-37B64466D0C3}.Release|Any CPU.Build.0 = Release|Any CPU
	EndGlobalSection
	GlobalSection(SolutionProperties) = preSolution
		HideSolutionNode = FALSE
	EndGlobalSection
	GlobalSection(ExtensibilityGlobals) = postSolution
		SolutionGuid = {91841309-31A2-4F0F-BB80-DF435188A9F9}
	EndGlobalSection
EndGlobal
