
Microsoft Visual Studio Solution File, Format Version 12.00
# Visual Studio Version 17
VisualStudioVersion = 17.2.32602.215
MinimumVisualStudioVersion = 10.0.40219.1
Project("{FAE04EC0-301F-11D3-BF4B-00C04F79EFBC}") = "HW06.ThirdArrayCreator", "HW06.ThirdArrayCreator\HW06.ThirdArrayCreator.csproj", "{643D76AE-A972-4B00-9745-C79E0D429C7B}"
EndProject
Global
	GlobalSection(SolutionConfigurationPlatforms) = preSolution
		Debug|Any CPU = Debug|Any CPU
		Release|Any CPU = Release|Any CPU
	EndGlobalSection
	GlobalSection(ProjectConfigurationPlatforms) = postSolution
		{643D76AE-A972-4B00-9745-C79E0D429C7B}.Debug|Any CPU.ActiveCfg = Debug|Any CPU
		{643D76AE-A972-4B00-9745-C79E0D429C7B}.Debug|Any CPU.Build.0 = Debug|Any CPU
		{643D76AE-A972-4B00-9745-C79E0D429C7B}.Release|Any CPU.ActiveCfg = Release|Any CPU
		{643D76AE-A972-4B00-9745-C79E0D429C7B}.Release|Any CPU.Build.0 = Release|Any CPU
	EndGlobalSection
	GlobalSection(SolutionProperties) = preSolution
		HideSolutionNode = FALSE
	EndGlobalSection
	GlobalSection(ExtensibilityGlobals) = postSolution
		SolutionGuid = {C7A00DC9-26BB-4006-8B94-7206DD416CB8}
	EndGlobalSection
EndGlobal
